
Microsoft Visual Studio Solution File, Format Version 12.00
# Visual Studio Version 17
VisualStudioVersion = 17.5.002.0
MinimumVisualStudioVersion = 10.0.40219.1
Project("{9A19103F-16F7-4668-BE54-9A1E7A4F7556}") = "appservice-test", "appservice-test.csproj", "{BEACC699-7BD4-4F9B-91D0-C8A0E1E93C6C}"
EndProject
Global
	GlobalSection(SolutionConfigurationPlatforms) = preSolution
		Debug|Any CPU = Debug|Any CPU
		Release|Any CPU = Release|Any CPU
	EndGlobalSection
	GlobalSection(ProjectConfigurationPlatforms) = postSolution
		{BEACC699-7BD4-4F9B-91D0-C8A0E1E93C6C}.Debug|Any CPU.ActiveCfg = Debug|Any CPU
		{BEACC699-7BD4-4F9B-91D0-C8A0E1E93C6C}.Debug|Any CPU.Build.0 = Debug|Any CPU
		{BEACC699-7BD4-4F9B-91D0-C8A0E1E93C6C}.Release|Any CPU.ActiveCfg = Release|Any CPU
		{BEACC699-7BD4-4F9B-91D0-C8A0E1E93C6C}.Release|Any CPU.Build.0 = Release|Any CPU
	EndGlobalSection
	GlobalSection(SolutionProperties) = preSolution
		HideSolutionNode = FALSE
	EndGlobalSection
	GlobalSection(ExtensibilityGlobals) = postSolution
		SolutionGuid = {CB9BBE47-7874-4AFE-ACB9-618DA59D7AAD}
	EndGlobalSection
EndGlobal
